
Microsoft Visual Studio Solution File, Format Version 12.00
# Visual Studio Version 16
VisualStudioVersion = 16.0.31112.23
MinimumVisualStudioVersion = 10.0.40219.1
Project("{FAE04EC0-301F-11D3-BF4B-00C04F79EFBC}") = "BTL_Windows", "BTL_Windows.csproj", "{B45F5458-1A58-4F94-8AE3-BEABF6C972FE}"
EndProject
Global
	GlobalSection(SolutionConfigurationPlatforms) = preSolution
		Debug|Any CPU = Debug|Any CPU
		Release|Any CPU = Release|Any CPU
	EndGlobalSection
	GlobalSection(ProjectConfigurationPlatforms) = postSolution
		{B45F5458-1A58-4F94-8AE3-BEABF6C972FE}.Debug|Any CPU.ActiveCfg = Debug|Any CPU
		{B45F5458-1A58-4F94-8AE3-BEABF6C972FE}.Debug|Any CPU.Build.0 = Debug|Any CPU
		{B45F5458-1A58-4F94-8AE3-BEABF6C972FE}.Release|Any CPU.ActiveCfg = Release|Any CPU
		{B45F5458-1A58-4F94-8AE3-BEABF6C972FE}.Release|Any CPU.Build.0 = Release|Any CPU
	EndGlobalSection
	GlobalSection(SolutionProperties) = preSolution
		HideSolutionNode = FALSE
	EndGlobalSection
	GlobalSection(ExtensibilityGlobals) = postSolution
		SolutionGuid = {D296D8B2-0BE2-48D5-AACF-E267216B3B55}
	EndGlobalSection
EndGlobal
